
Microsoft Visual Studio Solution File, Format Version 12.00
# Visual Studio Version 16
VisualStudioVersion = 16.0.31402.337
MinimumVisualStudioVersion = 10.0.40219.1
Project("{FAE04EC0-301F-11D3-BF4B-00C04F79EFBC}") = "BigSchool3", "BigSchool3.csproj", "{3C5766A5-A5FA-4151-873D-A3D8724FADD8}"
EndProject
Global
	GlobalSection(SolutionConfigurationPlatforms) = preSolution
		Debug|Any CPU = Debug|Any CPU
		Release|Any CPU = Release|Any CPU
	EndGlobalSection
	GlobalSection(ProjectConfigurationPlatforms) = postSolution
		{3C5766A5-A5FA-4151-873D-A3D8724FADD8}.Debug|Any CPU.ActiveCfg = Debug|Any CPU
		{3C5766A5-A5FA-4151-873D-A3D8724FADD8}.Debug|Any CPU.Build.0 = Debug|Any CPU
		{3C5766A5-A5FA-4151-873D-A3D8724FADD8}.Release|Any CPU.ActiveCfg = Release|Any CPU
		{3C5766A5-A5FA-4151-873D-A3D8724FADD8}.Release|Any CPU.Build.0 = Release|Any CPU
	EndGlobalSection
	GlobalSection(SolutionProperties) = preSolution
		HideSolutionNode = FALSE
	EndGlobalSection
	GlobalSection(ExtensibilityGlobals) = postSolution
		SolutionGuid = {841E40BB-8647-4970-B0CD-438C1C76F485}
	EndGlobalSection
EndGlobal
